<?xml version="1.0" encoding="utf-8"?>
<Project ToolsVersion="4.0" xmlns="http://schemas.microsoft.com/developer/msbuild/2003">
  <ItemGroup>
    <Filter Include="assetmanager">
      <UniqueIdentifier>{A08EF851-8CF1-87F6-3577-C0AC21B95379}</UniqueIdentifier>
    </Filter>
    <Filter Include="core">
      <UniqueIdentifier>{4E40957C-3A77-960D-E363-7C10CF79120F}</UniqueIdentifier>
    </Filter>
    <Filter Include="core\debugging">
      <UniqueIdentifier>{A93723CF-9505-17D5-7E99-87FB6A06F339}</UniqueIdentifier>
    </Filter>
    <Filter Include="core\defines">
      <UniqueIdentifier>{1BBF9F40-0722-2FE5-B0A7-679B9CE9FA67}</UniqueIdentifier>
    </Filter>
    <Filter Include="core\ecs">
      <UniqueIdentifier>{F837D44A-E404-2F56-0D1E-1DFEF94964E4}</UniqueIdentifier>
    </Filter>
    <Filter Include="core\ecs\components">
      <UniqueIdentifier>{2D56A5F1-99B7-82FF-2225-C9B18E85B9BE}</UniqueIdentifier>
    </Filter>
    <Filter Include="core\ecs\system">
      <UniqueIdentifier>{2C98D78F-9823-4554-A134-C8480D3FA154}</UniqueIdentifier>
    </Filter>
    <Filter Include="core\exceptions">
      <UniqueIdentifier>{9FDB588F-0B67-C653-1478-494880822254}</UniqueIdentifier>
    </Filter>
    <Filter Include="core\utilities">
      <UniqueIdentifier>{59BE4669-458C-3A6F-2E20-AB951A8D16D4}</UniqueIdentifier>
    </Filter>
    <Filter Include="input">
      <UniqueIdentifier>{B54AA90F-215F-D1C0-EAE0-742056B4CDF1}</UniqueIdentifier>
    </Filter>
    <Filter Include="input\eventhandler">
      <UniqueIdentifier>{C4FAF02D-B0DE-B183-193F-ACD605429C05}</UniqueIdentifier>
    </Filter>
    <Filter Include="rendering">
      <UniqueIdentifier>{03CFAD0B-6F39-6282-B877-1328242140D7}</UniqueIdentifier>
    </Filter>
    <Filter Include="rendering\SDLwrappers">
      <UniqueIdentifier>{A9B4EDA3-1521-A99E-DE14-41FC4A40CB06}</UniqueIdentifier>
    </Filter>
    <Filter Include="rendering\glyphs">
      <UniqueIdentifier>{69880FA1-5581-2EF3-7EB3-13786A0B0EFF}</UniqueIdentifier>
    </Filter>
    <Filter Include="rendering\objects">
      <UniqueIdentifier>{DC586912-486F-67A8-91E6-F2C9FD3B3830}</UniqueIdentifier>
    </Filter>
    <Filter Include="state">
      <UniqueIdentifier>{064A6110-725E-89C1-3BE0-2C21A7B385F2}</UniqueIdentifier>
    </Filter>
    <Filter Include="systems">
      <UniqueIdentifier>{3D76CBBA-A955-4A56-B26D-D52C1ECCB0B7}</UniqueIdentifier>
    </Filter>
  </ItemGroup>
  <ItemGroup>
    <ClInclude Include="src\Application.h" />
    <ClInclude Include="src\Empaerior.h" />
    <ClInclude Include="src\assetmanager\AssetManager.h">
      <Filter>assetmanager</Filter>
    </ClInclude>
    <ClInclude Include="src\core\Point2.h">
      <Filter>core</Filter>
    </ClInclude>
    <ClInclude Include="src\core\Rect.h">
      <Filter>core</Filter>
    </ClInclude>
    <ClInclude Include="src\core\Vector2.h">
      <Filter>core</Filter>
    </ClInclude>
    <ClInclude Include="src\core\debugging\Log.h">
      <Filter>core\debugging</Filter>
    </ClInclude>
    <ClInclude Include="src\core\debugging\get_data_info.h">
      <Filter>core\debugging</Filter>
    </ClInclude>
    <ClInclude Include="src\core\debugging\v_proffiler.h">
      <Filter>core\debugging</Filter>
    </ClInclude>
    <ClInclude Include="src\core\defines\Basic_Defines.h">
      <Filter>core\defines</Filter>
    </ClInclude>
    <ClInclude Include="src\core\defines\Defines.h">
      <Filter>core\defines</Filter>
    </ClInclude>
    <ClInclude Include="src\core\defines\Struct_Defines.h">
      <Filter>core\defines</Filter>
    </ClInclude>
    <ClInclude Include="src\core\ecs\ECS.h">
      <Filter>core\ecs</Filter>
    </ClInclude>
    <ClInclude Include="src\core\ecs\Entity.h">
      <Filter>core\ecs</Filter>
    </ClInclude>
    <ClInclude Include="src\core\ecs\components\ComponentManager.h">
      <Filter>core\ecs\components</Filter>
    </ClInclude>
    <ClInclude Include="src\core\ecs\system\system.h">
      <Filter>core\ecs\system</Filter>
    </ClInclude>
    <ClInclude Include="src\core\exceptions\Exceptions.h">
      <Filter>core\exceptions</Filter>
    </ClInclude>
    <ClInclude Include="src\core\utilities\Math.h">
      <Filter>core\utilities</Filter>
    </ClInclude>
    <ClInclude Include="src\core\utilities\Timer.h">
      <Filter>core\utilities</Filter>
    </ClInclude>
    <ClInclude Include="src\core\utilities\Utilities.h">
      <Filter>core\utilities</Filter>
    </ClInclude>
    <ClInclude Include="src\input\eventhandler\EventHandler.h">
      <Filter>input\eventhandler</Filter>
    </ClInclude>
    <ClInclude Include="src\input\input.h">
      <Filter>input</Filter>
    </ClInclude>
    <ClInclude Include="src\input\keyboard.h">
      <Filter>input</Filter>
    </ClInclude>
    <ClInclude Include="src\input\mouse.h">
      <Filter>input</Filter>
    </ClInclude>
    <ClInclude Include="src\main.h" />
    <ClInclude Include="src\pch.h" />
    <ClInclude Include="src\rendering\Camera.h">
      <Filter>rendering</Filter>
    </ClInclude>
    <ClInclude Include="src\rendering\SDLwrappers\Ptr_Wrappers.h">
      <Filter>rendering\SDLwrappers</Filter>
    </ClInclude>
    <ClInclude Include="src\rendering\SDLwrappers\Rendering_Wrappers.h">
      <Filter>rendering\SDLwrappers</Filter>
    </ClInclude>
    <ClInclude Include="src\rendering\SDLwrappers\SDL_Wrappers.h">
      <Filter>rendering\SDLwrappers</Filter>
    </ClInclude>
    <ClInclude Include="src\rendering\Window.h">
      <Filter>rendering</Filter>
    </ClInclude>
    <ClInclude Include="src\rendering\glyphs\Glyphs.h">
      <Filter>rendering\glyphs</Filter>
    </ClInclude>
    <ClInclude Include="src\rendering\objects\Sprite.h">
      <Filter>rendering\objects</Filter>
    </ClInclude>
    <ClInclude Include="src\state\State.h">
      <Filter>state</Filter>
    </ClInclude>
    <ClInclude Include="src\systems\Component.h">
      <Filter>systems</Filter>
    </ClInclude>
    <ClInclude Include="src\systems\Systems.h">
      <Filter>systems</Filter>
    </ClInclude>
  </ItemGroup>
  <ItemGroup>
    <ClCompile Include="src\Application.cpp" />
    <ClCompile Include="src\assetmanager\AssetManager.cpp">
      <Filter>assetmanager</Filter>
    </ClCompile>
    <ClCompile Include="src\core\debugging\Log.cpp">
      <Filter>core\debugging</Filter>
    </ClCompile>
    <ClCompile Include="src\core\utilities\Timer.cpp">
      <Filter>core\utilities</Filter>
    </ClCompile>
    <ClCompile Include="src\core\utilities\Utilities.cpp">
      <Filter>core\utilities</Filter>
    </ClCompile>
    <ClCompile Include="src\input\eventhandler\EventHandler.cpp">
      <Filter>input\eventhandler</Filter>
    </ClCompile>
    <ClCompile Include="src\input\mouse.cpp">
      <Filter>input</Filter>
    </ClCompile>
    <ClCompile Include="src\pch.cpp" />
    <ClCompile Include="src\rendering\Camera.cpp">
      <Filter>rendering</Filter>
    </ClCompile>
    <ClCompile Include="src\rendering\Window.cpp">
      <Filter>rendering</Filter>
    </ClCompile>
    <ClCompile Include="src\rendering\glyphs\Glyphs.cpp">
      <Filter>rendering\glyphs</Filter>
    </ClCompile>
    <ClCompile Include="src\rendering\objects\Sprite.cpp">
      <Filter>rendering\objects</Filter>
    </ClCompile>
    <ClCompile Include="src\state\State.cpp">
      <Filter>state</Filter>
    </ClCompile>
  </ItemGroup>
</Project>